
Microsoft Visual Studio Solution File, Format Version 12.00
# Visual Studio Version 16
VisualStudioVersion = 16.0.33214.272
MinimumVisualStudioVersion = 10.0.40219.1
Project("{FAE04EC0-301F-11D3-BF4B-00C04F79EFBC}") = "StudentGrievance", "StudentGrievance\StudentGrievance.csproj", "{99C3DEB5-BA39-4579-B303-2508A4DDFA9A}"
EndProject
Global
	GlobalSection(SolutionConfigurationPlatforms) = preSolution
		Debug|Any CPU = Debug|Any CPU
		Release|Any CPU = Release|Any CPU
	EndGlobalSection
	GlobalSection(ProjectConfigurationPlatforms) = postSolution
		{99C3DEB5-BA39-4579-B303-2508A4DDFA9A}.Debug|Any CPU.ActiveCfg = Debug|Any CPU
		{99C3DEB5-BA39-4579-B303-2508A4DDFA9A}.Debug|Any CPU.Build.0 = Debug|Any CPU
		{99C3DEB5-BA39-4579-B303-2508A4DDFA9A}.Release|Any CPU.ActiveCfg = Release|Any CPU
		{99C3DEB5-BA39-4579-B303-2508A4DDFA9A}.Release|Any CPU.Build.0 = Release|Any CPU
	EndGlobalSection
	GlobalSection(SolutionProperties) = preSolution
		HideSolutionNode = FALSE
	EndGlobalSection
	GlobalSection(ExtensibilityGlobals) = postSolution
		SolutionGuid = {0123BFC7-3C4B-436E-BD22-8CBFEE3C7811}
	EndGlobalSection
EndGlobal
